
Microsoft Visual Studio Solution File, Format Version 12.00
# Visual Studio Version 16
VisualStudioVersion = 16.0.30717.126
MinimumVisualStudioVersion = 10.0.40219.1
Project("{FAE04EC0-301F-11D3-BF4B-00C04F79EFBC}") = "fakturki", "fakturki\fakturki.csproj", "{3939F5D4-72AC-4FD0-978E-349E9F418BE6}"
EndProject
Project("{2150E333-8FDC-42A3-9474-1A3956D46DE8}") = "Solution Items", "Solution Items", "{3B45E5AD-7C1D-44BC-85FD-20CE3A8353D3}"
EndProject
Global
	GlobalSection(SolutionConfigurationPlatforms) = preSolution
		Debug|Any CPU = Debug|Any CPU
		Release|Any CPU = Release|Any CPU
	EndGlobalSection
	GlobalSection(ProjectConfigurationPlatforms) = postSolution
		{3939F5D4-72AC-4FD0-978E-349E9F418BE6}.Debug|Any CPU.ActiveCfg = Debug|Any CPU
		{3939F5D4-72AC-4FD0-978E-349E9F418BE6}.Debug|Any CPU.Build.0 = Debug|Any CPU
		{3939F5D4-72AC-4FD0-978E-349E9F418BE6}.Release|Any CPU.ActiveCfg = Release|Any CPU
		{3939F5D4-72AC-4FD0-978E-349E9F418BE6}.Release|Any CPU.Build.0 = Release|Any CPU
	EndGlobalSection
	GlobalSection(SolutionProperties) = preSolution
		HideSolutionNode = FALSE
	EndGlobalSection
	GlobalSection(ExtensibilityGlobals) = postSolution
		SolutionGuid = {2D5AC14F-FF80-4C94-B290-BCE151A5EDA9}
	EndGlobalSection
EndGlobal
